
Microsoft Visual Studio Solution File, Format Version 12.00
# Visual Studio Version 16
VisualStudioVersion = 25.0.1704.2
MinimumVisualStudioVersion = 10.0.40219.1
Project("{FAE04EC0-301F-11D3-BF4B-00C04F79EFBC}") = "SampleFreshMvvm.Android", "SampleFreshMvvm\SampleFreshMvvm.Android\SampleFreshMvvm.Android.csproj", "{7703ADC9-8447-4441-97C4-9398BC6BDE4C}"
EndProject
Project("{FAE04EC0-301F-11D3-BF4B-00C04F79EFBC}") = "SampleFreshMvvm.iOS", "SampleFreshMvvm\SampleFreshMvvm.iOS\SampleFreshMvvm.iOS.csproj", "{295F0FA0-BDD5-4474-A0AE-05AFB7435654}"
EndProject
Project("{FAE04EC0-301F-11D3-BF4B-00C04F79EFBC}") = "SampleFreshMvvm", "SampleFreshMvvm\SampleFreshMvvm\SampleFreshMvvm.csproj", "{4B3B90BF-80FC-4DA7-BC71-4B015B9AB81D}"
EndProject
Global
	GlobalSection(SolutionConfigurationPlatforms) = preSolution
		Debug|Any CPU = Debug|Any CPU
		Release|Any CPU = Release|Any CPU
		Debug|iPhoneSimulator = Debug|iPhoneSimulator
		Release|iPhoneSimulator = Release|iPhoneSimulator
		Debug|iPhone = Debug|iPhone
		Release|iPhone = Release|iPhone
	EndGlobalSection
	GlobalSection(ProjectConfigurationPlatforms) = postSolution
		{7703ADC9-8447-4441-97C4-9398BC6BDE4C}.Debug|Any CPU.ActiveCfg = Debug|Any CPU
		{7703ADC9-8447-4441-97C4-9398BC6BDE4C}.Debug|Any CPU.Build.0 = Debug|Any CPU
		{7703ADC9-8447-4441-97C4-9398BC6BDE4C}.Release|Any CPU.ActiveCfg = Release|Any CPU
		{7703ADC9-8447-4441-97C4-9398BC6BDE4C}.Release|Any CPU.Build.0 = Release|Any CPU
		{7703ADC9-8447-4441-97C4-9398BC6BDE4C}.Debug|iPhoneSimulator.ActiveCfg = Debug|Any CPU
		{7703ADC9-8447-4441-97C4-9398BC6BDE4C}.Debug|iPhoneSimulator.Build.0 = Debug|Any CPU
		{7703ADC9-8447-4441-97C4-9398BC6BDE4C}.Release|iPhoneSimulator.ActiveCfg = Release|Any CPU
		{7703ADC9-8447-4441-97C4-9398BC6BDE4C}.Release|iPhoneSimulator.Build.0 = Release|Any CPU
		{7703ADC9-8447-4441-97C4-9398BC6BDE4C}.Debug|iPhone.ActiveCfg = Debug|Any CPU
		{7703ADC9-8447-4441-97C4-9398BC6BDE4C}.Debug|iPhone.Build.0 = Debug|Any CPU
		{7703ADC9-8447-4441-97C4-9398BC6BDE4C}.Release|iPhone.ActiveCfg = Release|Any CPU
		{7703ADC9-8447-4441-97C4-9398BC6BDE4C}.Release|iPhone.Build.0 = Release|Any CPU
		{295F0FA0-BDD5-4474-A0AE-05AFB7435654}.Debug|Any CPU.ActiveCfg = Debug|iPhoneSimulator
		{295F0FA0-BDD5-4474-A0AE-05AFB7435654}.Debug|Any CPU.Build.0 = Debug|iPhoneSimulator
		{295F0FA0-BDD5-4474-A0AE-05AFB7435654}.Release|Any CPU.ActiveCfg = Release|iPhoneSimulator
		{295F0FA0-BDD5-4474-A0AE-05AFB7435654}.Release|Any CPU.Build.0 = Release|iPhoneSimulator
		{295F0FA0-BDD5-4474-A0AE-05AFB7435654}.Debug|iPhoneSimulator.ActiveCfg = Debug|iPhoneSimulator
		{295F0FA0-BDD5-4474-A0AE-05AFB7435654}.Debug|iPhoneSimulator.Build.0 = Debug|iPhoneSimulator
		{295F0FA0-BDD5-4474-A0AE-05AFB7435654}.Release|iPhoneSimulator.ActiveCfg = Release|iPhoneSimulator
		{295F0FA0-BDD5-4474-A0AE-05AFB7435654}.Release|iPhoneSimulator.Build.0 = Release|iPhoneSimulator
		{295F0FA0-BDD5-4474-A0AE-05AFB7435654}.Debug|iPhone.ActiveCfg = Debug|iPhone
		{295F0FA0-BDD5-4474-A0AE-05AFB7435654}.Debug|iPhone.Build.0 = Debug|iPhone
		{295F0FA0-BDD5-4474-A0AE-05AFB7435654}.Release|iPhone.ActiveCfg = Release|iPhone
		{295F0FA0-BDD5-4474-A0AE-05AFB7435654}.Release|iPhone.Build.0 = Release|iPhone
		{4B3B90BF-80FC-4DA7-BC71-4B015B9AB81D}.Debug|Any CPU.ActiveCfg = Debug|Any CPU
		{4B3B90BF-80FC-4DA7-BC71-4B015B9AB81D}.Debug|Any CPU.Build.0 = Debug|Any CPU
		{4B3B90BF-80FC-4DA7-BC71-4B015B9AB81D}.Release|Any CPU.ActiveCfg = Release|Any CPU
		{4B3B90BF-80FC-4DA7-BC71-4B015B9AB81D}.Release|Any CPU.Build.0 = Release|Any CPU
		{4B3B90BF-80FC-4DA7-BC71-4B015B9AB81D}.Debug|iPhoneSimulator.ActiveCfg = Debug|Any CPU
		{4B3B90BF-80FC-4DA7-BC71-4B015B9AB81D}.Debug|iPhoneSimulator.Build.0 = Debug|Any CPU
		{4B3B90BF-80FC-4DA7-BC71-4B015B9AB81D}.Release|iPhoneSimulator.ActiveCfg = Release|Any CPU
		{4B3B90BF-80FC-4DA7-BC71-4B015B9AB81D}.Release|iPhoneSimulator.Build.0 = Release|Any CPU
		{4B3B90BF-80FC-4DA7-BC71-4B015B9AB81D}.Debug|iPhone.ActiveCfg = Debug|Any CPU
		{4B3B90BF-80FC-4DA7-BC71-4B015B9AB81D}.Debug|iPhone.Build.0 = Debug|Any CPU
		{4B3B90BF-80FC-4DA7-BC71-4B015B9AB81D}.Release|iPhone.ActiveCfg = Release|Any CPU
		{4B3B90BF-80FC-4DA7-BC71-4B015B9AB81D}.Release|iPhone.Build.0 = Release|Any CPU
	EndGlobalSection
	GlobalSection(SolutionProperties) = preSolution
		HideSolutionNode = FALSE
	EndGlobalSection
	GlobalSection(ExtensibilityGlobals) = postSolution
		SolutionGuid = {AEEFA252-59EA-4970-8C3E-BCCD835779EB}
	EndGlobalSection
EndGlobal
